
Microsoft Visual Studio Solution File, Format Version 12.00
# Visual Studio 15
VisualStudioVersion = 15.0.27130.2036
MinimumVisualStudioVersion = 10.0.40219.1
Project("{2150E333-8FDC-42A3-9474-1A3956D46DE8}") = "Core", "Core", "{2DCEBBB5-D209-4F60-B1E6-74F6BA1FD913}"
EndProject
Project("{2150E333-8FDC-42A3-9474-1A3956D46DE8}") = "Server", "Server", "{FE35C142-4CD6-4249-A34A-BAACDE54B444}"
EndProject
Project("{FAE04EC0-301F-11D3-BF4B-00C04F79EFBC}") = "McFly.Core", "McFly.Core\McFly.Core.csproj", "{3243A211-CF4F-4296-BD68-2D4DD5406542}"
EndProject
Project("{FAE04EC0-301F-11D3-BF4B-00C04F79EFBC}") = "McFly.Core.Test", "McFly.Core.Test\McFly.Core.Test.csproj", "{44FAA6C1-D134-4905-A32A-B1CD0E544E77}"
EndProject
Project("{FAE04EC0-301F-11D3-BF4B-00C04F79EFBC}") = "McFly.Server.Data", "McFly.Server.Data\McFly.Server.Data.csproj", "{DFDEC1CA-5A5C-4FC6-8C7B-11C777C396DC}"
EndProject
Project("{FAE04EC0-301F-11D3-BF4B-00C04F79EFBC}") = "McFly.Server", "McFly.Server\McFly.Server.csproj", "{EFF4A343-5729-4705-BCC5-F4531C54A672}"
EndProject
Project("{FAE04EC0-301F-11D3-BF4B-00C04F79EFBC}") = "McFly.Server.Test", "McFly.Server.Test\McFly.Server.Test.csproj", "{58CF9D9E-9B6D-4F70-8512-1CE2E5302298}"
EndProject
Project("{2150E333-8FDC-42A3-9474-1A3956D46DE8}") = "Samples", "Samples", "{92D6D3BD-CD00-4934-AD70-2FBD4097DCF0}"
EndProject
Project("{8BC9CEB8-8B4A-11D0-8D11-00A0C91BC942}") = "McFly.Samples.Console.HelloWorld", "McFly.Samples.Console.HelloWorld\McFly.Samples.Console.HelloWorld.vcxproj", "{656DC886-8AC7-4AED-896A-E9E105EF5BD7}"
EndProject
Project("{FAE04EC0-301F-11D3-BF4B-00C04F79EFBC}") = "McFly.Server.Core", "McFly.Server.Core\McFly.Server.Core.csproj", "{BCFFB741-26F9-4D12-A152-04CF601D373E}"
EndProject
Project("{FAE04EC0-301F-11D3-BF4B-00C04F79EFBC}") = "McFly.Server.Core.Test", "McFly.Server.Core.Test\McFly.Server.Core.Test.csproj", "{3E825958-D919-4941-BDAA-967836C678D1}"
EndProject
Project("{2150E333-8FDC-42A3-9474-1A3956D46DE8}") = "SqlServer", "SqlServer", "{C4BFF334-1936-49C5-BD50-4616B47F3119}"
EndProject
Project("{FAE04EC0-301F-11D3-BF4B-00C04F79EFBC}") = "McFly.Server.Data.SqlServer", "McFly.Server.Data.SqlServer\McFly.Server.Data.SqlServer.csproj", "{5FAA1707-D76B-48A6-A63C-37C510ECEAB5}"
EndProject
Project("{FAE04EC0-301F-11D3-BF4B-00C04F79EFBC}") = "McFly.Server.Data.SqlServer.Test", "McFly.Server.Data.SqlServer.Test\McFly.Server.Data.SqlServer.Test.csproj", "{1A1071C3-5F84-4E12-A489-8D781310AF46}"
EndProject
Project("{2150E333-8FDC-42A3-9474-1A3956D46DE8}") = "Client", "Client", "{DF74B813-8B79-47F1-BF3A-F4A020F2033F}"
EndProject
Project("{FAE04EC0-301F-11D3-BF4B-00C04F79EFBC}") = "McFly.Server.Conversion", "McFly.Server.Conversion\McFly.Server.Conversion.csproj", "{F0E9F834-6A52-4C1C-B956-30DEB6FDF11B}"
EndProject
Project("{FAE04EC0-301F-11D3-BF4B-00C04F79EFBC}") = "McFly.Server.Conversion.Test", "McFly.Server.Conversion.Test\McFly.Server.Conversion.Test.csproj", "{C9BFA1CD-30AB-41A6-A6E6-86C526A246D4}"
EndProject
Project("{FAE04EC0-301F-11D3-BF4B-00C04F79EFBC}") = "McFly.WinDbg", "McFly.WinDbg\McFly.WinDbg.csproj", "{D7EB4C59-22EF-4020-9850-CBBF6A015F80}"
EndProject
Project("{FAE04EC0-301F-11D3-BF4B-00C04F79EFBC}") = "McFly.WinDbg.Test", "McFly.WinDbg.Test\McFly.WinDbg.Test.csproj", "{C938475F-2E8C-4DFB-8102-6FC0A7101E95}"
EndProject
Project("{FAE04EC0-301F-11D3-BF4B-00C04F79EFBC}") = "McFly.Server2", "McFly.Server2\McFly.Server2.csproj", "{E84A27A1-7B97-4AC5-B4EE-54AC134FAB80}"
EndProject
Global
	GlobalSection(SolutionConfigurationPlatforms) = preSolution
		Debug|Any CPU = Debug|Any CPU
		Debug|x64 = Debug|x64
		Debug|x86 = Debug|x86
		Release|Any CPU = Release|Any CPU
		Release|x64 = Release|x64
		Release|x86 = Release|x86
		x64|Any CPU = x64|Any CPU
		x64|x64 = x64|x64
		x64|x86 = x64|x86
		x86|Any CPU = x86|Any CPU
		x86|x64 = x86|x64
		x86|x86 = x86|x86
	EndGlobalSection
	GlobalSection(ProjectConfigurationPlatforms) = postSolution
		{3243A211-CF4F-4296-BD68-2D4DD5406542}.Debug|Any CPU.ActiveCfg = Debug|Any CPU
		{3243A211-CF4F-4296-BD68-2D4DD5406542}.Debug|Any CPU.Build.0 = Debug|Any CPU
		{3243A211-CF4F-4296-BD68-2D4DD5406542}.Debug|x64.ActiveCfg = Debug|Any CPU
		{3243A211-CF4F-4296-BD68-2D4DD5406542}.Debug|x64.Build.0 = Debug|Any CPU
		{3243A211-CF4F-4296-BD68-2D4DD5406542}.Debug|x86.ActiveCfg = Debug|Any CPU
		{3243A211-CF4F-4296-BD68-2D4DD5406542}.Debug|x86.Build.0 = Debug|Any CPU
		{3243A211-CF4F-4296-BD68-2D4DD5406542}.Release|Any CPU.ActiveCfg = Release|Any CPU
		{3243A211-CF4F-4296-BD68-2D4DD5406542}.Release|Any CPU.Build.0 = Release|Any CPU
		{3243A211-CF4F-4296-BD68-2D4DD5406542}.Release|x64.ActiveCfg = Release|Any CPU
		{3243A211-CF4F-4296-BD68-2D4DD5406542}.Release|x64.Build.0 = Release|Any CPU
		{3243A211-CF4F-4296-BD68-2D4DD5406542}.Release|x86.ActiveCfg = Release|Any CPU
		{3243A211-CF4F-4296-BD68-2D4DD5406542}.Release|x86.Build.0 = Release|Any CPU
		{3243A211-CF4F-4296-BD68-2D4DD5406542}.x64|Any CPU.ActiveCfg = Release|Any CPU
		{3243A211-CF4F-4296-BD68-2D4DD5406542}.x64|Any CPU.Build.0 = Release|Any CPU
		{3243A211-CF4F-4296-BD68-2D4DD5406542}.x64|x64.ActiveCfg = Release|Any CPU
		{3243A211-CF4F-4296-BD68-2D4DD5406542}.x64|x64.Build.0 = Release|Any CPU
		{3243A211-CF4F-4296-BD68-2D4DD5406542}.x64|x86.ActiveCfg = Release|Any CPU
		{3243A211-CF4F-4296-BD68-2D4DD5406542}.x64|x86.Build.0 = Release|Any CPU
		{3243A211-CF4F-4296-BD68-2D4DD5406542}.x86|Any CPU.ActiveCfg = Release|Any CPU
		{3243A211-CF4F-4296-BD68-2D4DD5406542}.x86|Any CPU.Build.0 = Release|Any CPU
		{3243A211-CF4F-4296-BD68-2D4DD5406542}.x86|x64.ActiveCfg = Release|Any CPU
		{3243A211-CF4F-4296-BD68-2D4DD5406542}.x86|x64.Build.0 = Release|Any CPU
		{3243A211-CF4F-4296-BD68-2D4DD5406542}.x86|x86.ActiveCfg = Release|Any CPU
		{3243A211-CF4F-4296-BD68-2D4DD5406542}.x86|x86.Build.0 = Release|Any CPU
		{44FAA6C1-D134-4905-A32A-B1CD0E544E77}.Debug|Any CPU.ActiveCfg = Debug|Any CPU
		{44FAA6C1-D134-4905-A32A-B1CD0E544E77}.Debug|Any CPU.Build.0 = Debug|Any CPU
		{44FAA6C1-D134-4905-A32A-B1CD0E544E77}.Debug|x64.ActiveCfg = Debug|Any CPU
		{44FAA6C1-D134-4905-A32A-B1CD0E544E77}.Debug|x64.Build.0 = Debug|Any CPU
		{44FAA6C1-D134-4905-A32A-B1CD0E544E77}.Debug|x86.ActiveCfg = Debug|Any CPU
		{44FAA6C1-D134-4905-A32A-B1CD0E544E77}.Debug|x86.Build.0 = Debug|Any CPU
		{44FAA6C1-D134-4905-A32A-B1CD0E544E77}.Release|Any CPU.ActiveCfg = Release|Any CPU
		{44FAA6C1-D134-4905-A32A-B1CD0E544E77}.Release|Any CPU.Build.0 = Release|Any CPU
		{44FAA6C1-D134-4905-A32A-B1CD0E544E77}.Release|x64.ActiveCfg = Release|Any CPU
		{44FAA6C1-D134-4905-A32A-B1CD0E544E77}.Release|x64.Build.0 = Release|Any CPU
		{44FAA6C1-D134-4905-A32A-B1CD0E544E77}.Release|x86.ActiveCfg = Release|Any CPU
		{44FAA6C1-D134-4905-A32A-B1CD0E544E77}.Release|x86.Build.0 = Release|Any CPU
		{44FAA6C1-D134-4905-A32A-B1CD0E544E77}.x64|Any CPU.ActiveCfg = Release|Any CPU
		{44FAA6C1-D134-4905-A32A-B1CD0E544E77}.x64|Any CPU.Build.0 = Release|Any CPU
		{44FAA6C1-D134-4905-A32A-B1CD0E544E77}.x64|x64.ActiveCfg = Release|Any CPU
		{44FAA6C1-D134-4905-A32A-B1CD0E544E77}.x64|x64.Build.0 = Release|Any CPU
		{44FAA6C1-D134-4905-A32A-B1CD0E544E77}.x64|x86.ActiveCfg = Release|Any CPU
		{44FAA6C1-D134-4905-A32A-B1CD0E544E77}.x64|x86.Build.0 = Release|Any CPU
		{44FAA6C1-D134-4905-A32A-B1CD0E544E77}.x86|Any CPU.ActiveCfg = Release|Any CPU
		{44FAA6C1-D134-4905-A32A-B1CD0E544E77}.x86|Any CPU.Build.0 = Release|Any CPU
		{44FAA6C1-D134-4905-A32A-B1CD0E544E77}.x86|x64.ActiveCfg = Release|Any CPU
		{44FAA6C1-D134-4905-A32A-B1CD0E544E77}.x86|x64.Build.0 = Release|Any CPU
		{44FAA6C1-D134-4905-A32A-B1CD0E544E77}.x86|x86.ActiveCfg = Release|Any CPU
		{44FAA6C1-D134-4905-A32A-B1CD0E544E77}.x86|x86.Build.0 = Release|Any CPU
		{DFDEC1CA-5A5C-4FC6-8C7B-11C777C396DC}.Debug|Any CPU.ActiveCfg = Debug|Any CPU
		{DFDEC1CA-5A5C-4FC6-8C7B-11C777C396DC}.Debug|Any CPU.Build.0 = Debug|Any CPU
		{DFDEC1CA-5A5C-4FC6-8C7B-11C777C396DC}.Debug|x64.ActiveCfg = Debug|Any CPU
		{DFDEC1CA-5A5C-4FC6-8C7B-11C777C396DC}.Debug|x64.Build.0 = Debug|Any CPU
		{DFDEC1CA-5A5C-4FC6-8C7B-11C777C396DC}.Debug|x86.ActiveCfg = Debug|Any CPU
		{DFDEC1CA-5A5C-4FC6-8C7B-11C777C396DC}.Debug|x86.Build.0 = Debug|Any CPU
		{DFDEC1CA-5A5C-4FC6-8C7B-11C777C396DC}.Release|Any CPU.ActiveCfg = Release|Any CPU
		{DFDEC1CA-5A5C-4FC6-8C7B-11C777C396DC}.Release|Any CPU.Build.0 = Release|Any CPU
		{DFDEC1CA-5A5C-4FC6-8C7B-11C777C396DC}.Release|x64.ActiveCfg = Release|Any CPU
		{DFDEC1CA-5A5C-4FC6-8C7B-11C777C396DC}.Release|x64.Build.0 = Release|Any CPU
		{DFDEC1CA-5A5C-4FC6-8C7B-11C777C396DC}.Release|x86.ActiveCfg = Release|Any CPU
		{DFDEC1CA-5A5C-4FC6-8C7B-11C777C396DC}.Release|x86.Build.0 = Release|Any CPU
		{DFDEC1CA-5A5C-4FC6-8C7B-11C777C396DC}.x64|Any CPU.ActiveCfg = Release|Any CPU
		{DFDEC1CA-5A5C-4FC6-8C7B-11C777C396DC}.x64|Any CPU.Build.0 = Release|Any CPU
		{DFDEC1CA-5A5C-4FC6-8C7B-11C777C396DC}.x64|x64.ActiveCfg = Release|Any CPU
		{DFDEC1CA-5A5C-4FC6-8C7B-11C777C396DC}.x64|x64.Build.0 = Release|Any CPU
		{DFDEC1CA-5A5C-4FC6-8C7B-11C777C396DC}.x64|x86.ActiveCfg = Release|Any CPU
		{DFDEC1CA-5A5C-4FC6-8C7B-11C777C396DC}.x64|x86.Build.0 = Release|Any CPU
		{DFDEC1CA-5A5C-4FC6-8C7B-11C777C396DC}.x86|Any CPU.ActiveCfg = Release|Any CPU
		{DFDEC1CA-5A5C-4FC6-8C7B-11C777C396DC}.x86|Any CPU.Build.0 = Release|Any CPU
		{DFDEC1CA-5A5C-4FC6-8C7B-11C777C396DC}.x86|x64.ActiveCfg = Release|Any CPU
		{DFDEC1CA-5A5C-4FC6-8C7B-11C777C396DC}.x86|x64.Build.0 = Release|Any CPU
		{DFDEC1CA-5A5C-4FC6-8C7B-11C777C396DC}.x86|x86.ActiveCfg = Release|Any CPU
		{DFDEC1CA-5A5C-4FC6-8C7B-11C777C396DC}.x86|x86.Build.0 = Release|Any CPU
		{EFF4A343-5729-4705-BCC5-F4531C54A672}.Debug|Any CPU.ActiveCfg = Debug|Any CPU
		{EFF4A343-5729-4705-BCC5-F4531C54A672}.Debug|Any CPU.Build.0 = Debug|Any CPU
		{EFF4A343-5729-4705-BCC5-F4531C54A672}.Debug|x64.ActiveCfg = Debug|Any CPU
		{EFF4A343-5729-4705-BCC5-F4531C54A672}.Debug|x64.Build.0 = Debug|Any CPU
		{EFF4A343-5729-4705-BCC5-F4531C54A672}.Debug|x86.ActiveCfg = Debug|Any CPU
		{EFF4A343-5729-4705-BCC5-F4531C54A672}.Debug|x86.Build.0 = Debug|Any CPU
		{EFF4A343-5729-4705-BCC5-F4531C54A672}.Release|Any CPU.ActiveCfg = Release|Any CPU
		{EFF4A343-5729-4705-BCC5-F4531C54A672}.Release|Any CPU.Build.0 = Release|Any CPU
		{EFF4A343-5729-4705-BCC5-F4531C54A672}.Release|x64.ActiveCfg = Release|Any CPU
		{EFF4A343-5729-4705-BCC5-F4531C54A672}.Release|x64.Build.0 = Release|Any CPU
		{EFF4A343-5729-4705-BCC5-F4531C54A672}.Release|x86.ActiveCfg = Release|Any CPU
		{EFF4A343-5729-4705-BCC5-F4531C54A672}.Release|x86.Build.0 = Release|Any CPU
		{EFF4A343-5729-4705-BCC5-F4531C54A672}.x64|Any CPU.ActiveCfg = Release|Any CPU
		{EFF4A343-5729-4705-BCC5-F4531C54A672}.x64|Any CPU.Build.0 = Release|Any CPU
		{EFF4A343-5729-4705-BCC5-F4531C54A672}.x64|x64.ActiveCfg = Release|Any CPU
		{EFF4A343-5729-4705-BCC5-F4531C54A672}.x64|x64.Build.0 = Release|Any CPU
		{EFF4A343-5729-4705-BCC5-F4531C54A672}.x64|x86.ActiveCfg = Release|Any CPU
		{EFF4A343-5729-4705-BCC5-F4531C54A672}.x64|x86.Build.0 = Release|Any CPU
		{EFF4A343-5729-4705-BCC5-F4531C54A672}.x86|Any CPU.ActiveCfg = Release|Any CPU
		{EFF4A343-5729-4705-BCC5-F4531C54A672}.x86|Any CPU.Build.0 = Release|Any CPU
		{EFF4A343-5729-4705-BCC5-F4531C54A672}.x86|x64.ActiveCfg = Release|Any CPU
		{EFF4A343-5729-4705-BCC5-F4531C54A672}.x86|x64.Build.0 = Release|Any CPU
		{EFF4A343-5729-4705-BCC5-F4531C54A672}.x86|x86.ActiveCfg = Release|Any CPU
		{EFF4A343-5729-4705-BCC5-F4531C54A672}.x86|x86.Build.0 = Release|Any CPU
		{58CF9D9E-9B6D-4F70-8512-1CE2E5302298}.Debug|Any CPU.ActiveCfg = Debug|Any CPU
		{58CF9D9E-9B6D-4F70-8512-1CE2E5302298}.Debug|Any CPU.Build.0 = Debug|Any CPU
		{58CF9D9E-9B6D-4F70-8512-1CE2E5302298}.Debug|x64.ActiveCfg = Debug|Any CPU
		{58CF9D9E-9B6D-4F70-8512-1CE2E5302298}.Debug|x64.Build.0 = Debug|Any CPU
		{58CF9D9E-9B6D-4F70-8512-1CE2E5302298}.Debug|x86.ActiveCfg = Debug|Any CPU
		{58CF9D9E-9B6D-4F70-8512-1CE2E5302298}.Debug|x86.Build.0 = Debug|Any CPU
		{58CF9D9E-9B6D-4F70-8512-1CE2E5302298}.Release|Any CPU.ActiveCfg = Release|Any CPU
		{58CF9D9E-9B6D-4F70-8512-1CE2E5302298}.Release|Any CPU.Build.0 = Release|Any CPU
		{58CF9D9E-9B6D-4F70-8512-1CE2E5302298}.Release|x64.ActiveCfg = Release|Any CPU
		{58CF9D9E-9B6D-4F70-8512-1CE2E5302298}.Release|x64.Build.0 = Release|Any CPU
		{58CF9D9E-9B6D-4F70-8512-1CE2E5302298}.Release|x86.ActiveCfg = Release|Any CPU
		{58CF9D9E-9B6D-4F70-8512-1CE2E5302298}.Release|x86.Build.0 = Release|Any CPU
		{58CF9D9E-9B6D-4F70-8512-1CE2E5302298}.x64|Any CPU.ActiveCfg = Release|Any CPU
		{58CF9D9E-9B6D-4F70-8512-1CE2E5302298}.x64|Any CPU.Build.0 = Release|Any CPU
		{58CF9D9E-9B6D-4F70-8512-1CE2E5302298}.x64|x64.ActiveCfg = Release|Any CPU
		{58CF9D9E-9B6D-4F70-8512-1CE2E5302298}.x64|x64.Build.0 = Release|Any CPU
		{58CF9D9E-9B6D-4F70-8512-1CE2E5302298}.x64|x86.ActiveCfg = Release|Any CPU
		{58CF9D9E-9B6D-4F70-8512-1CE2E5302298}.x64|x86.Build.0 = Release|Any CPU
		{58CF9D9E-9B6D-4F70-8512-1CE2E5302298}.x86|Any CPU.ActiveCfg = Release|Any CPU
		{58CF9D9E-9B6D-4F70-8512-1CE2E5302298}.x86|Any CPU.Build.0 = Release|Any CPU
		{58CF9D9E-9B6D-4F70-8512-1CE2E5302298}.x86|x64.ActiveCfg = Release|Any CPU
		{58CF9D9E-9B6D-4F70-8512-1CE2E5302298}.x86|x64.Build.0 = Release|Any CPU
		{58CF9D9E-9B6D-4F70-8512-1CE2E5302298}.x86|x86.ActiveCfg = Release|Any CPU
		{58CF9D9E-9B6D-4F70-8512-1CE2E5302298}.x86|x86.Build.0 = Release|Any CPU
		{656DC886-8AC7-4AED-896A-E9E105EF5BD7}.Debug|Any CPU.ActiveCfg = Debug|Win32
		{656DC886-8AC7-4AED-896A-E9E105EF5BD7}.Debug|x64.ActiveCfg = Debug|x64
		{656DC886-8AC7-4AED-896A-E9E105EF5BD7}.Debug|x64.Build.0 = Debug|x64
		{656DC886-8AC7-4AED-896A-E9E105EF5BD7}.Debug|x86.ActiveCfg = Debug|Win32
		{656DC886-8AC7-4AED-896A-E9E105EF5BD7}.Debug|x86.Build.0 = Debug|Win32
		{656DC886-8AC7-4AED-896A-E9E105EF5BD7}.Release|Any CPU.ActiveCfg = Release|Win32
		{656DC886-8AC7-4AED-896A-E9E105EF5BD7}.Release|x64.ActiveCfg = Release|x64
		{656DC886-8AC7-4AED-896A-E9E105EF5BD7}.Release|x64.Build.0 = Release|x64
		{656DC886-8AC7-4AED-896A-E9E105EF5BD7}.Release|x86.ActiveCfg = Release|Win32
		{656DC886-8AC7-4AED-896A-E9E105EF5BD7}.Release|x86.Build.0 = Release|Win32
		{656DC886-8AC7-4AED-896A-E9E105EF5BD7}.x64|Any CPU.ActiveCfg = Release|x64
		{656DC886-8AC7-4AED-896A-E9E105EF5BD7}.x64|Any CPU.Build.0 = Release|x64
		{656DC886-8AC7-4AED-896A-E9E105EF5BD7}.x64|x64.ActiveCfg = Release|x64
		{656DC886-8AC7-4AED-896A-E9E105EF5BD7}.x64|x64.Build.0 = Release|x64
		{656DC886-8AC7-4AED-896A-E9E105EF5BD7}.x64|x86.ActiveCfg = Release|Win32
		{656DC886-8AC7-4AED-896A-E9E105EF5BD7}.x64|x86.Build.0 = Release|Win32
		{656DC886-8AC7-4AED-896A-E9E105EF5BD7}.x86|Any CPU.ActiveCfg = Release|x64
		{656DC886-8AC7-4AED-896A-E9E105EF5BD7}.x86|Any CPU.Build.0 = Release|x64
		{656DC886-8AC7-4AED-896A-E9E105EF5BD7}.x86|x64.ActiveCfg = Release|x64
		{656DC886-8AC7-4AED-896A-E9E105EF5BD7}.x86|x64.Build.0 = Release|x64
		{656DC886-8AC7-4AED-896A-E9E105EF5BD7}.x86|x86.ActiveCfg = Release|Win32
		{656DC886-8AC7-4AED-896A-E9E105EF5BD7}.x86|x86.Build.0 = Release|Win32
		{BCFFB741-26F9-4D12-A152-04CF601D373E}.Debug|Any CPU.ActiveCfg = Debug|Any CPU
		{BCFFB741-26F9-4D12-A152-04CF601D373E}.Debug|Any CPU.Build.0 = Debug|Any CPU
		{BCFFB741-26F9-4D12-A152-04CF601D373E}.Debug|x64.ActiveCfg = Debug|Any CPU
		{BCFFB741-26F9-4D12-A152-04CF601D373E}.Debug|x64.Build.0 = Debug|Any CPU
		{BCFFB741-26F9-4D12-A152-04CF601D373E}.Debug|x86.ActiveCfg = Debug|Any CPU
		{BCFFB741-26F9-4D12-A152-04CF601D373E}.Debug|x86.Build.0 = Debug|Any CPU
		{BCFFB741-26F9-4D12-A152-04CF601D373E}.Release|Any CPU.ActiveCfg = Release|Any CPU
		{BCFFB741-26F9-4D12-A152-04CF601D373E}.Release|Any CPU.Build.0 = Release|Any CPU
		{BCFFB741-26F9-4D12-A152-04CF601D373E}.Release|x64.ActiveCfg = Release|Any CPU
		{BCFFB741-26F9-4D12-A152-04CF601D373E}.Release|x64.Build.0 = Release|Any CPU
		{BCFFB741-26F9-4D12-A152-04CF601D373E}.Release|x86.ActiveCfg = Release|Any CPU
		{BCFFB741-26F9-4D12-A152-04CF601D373E}.Release|x86.Build.0 = Release|Any CPU
		{BCFFB741-26F9-4D12-A152-04CF601D373E}.x64|Any CPU.ActiveCfg = Release|Any CPU
		{BCFFB741-26F9-4D12-A152-04CF601D373E}.x64|Any CPU.Build.0 = Release|Any CPU
		{BCFFB741-26F9-4D12-A152-04CF601D373E}.x64|x64.ActiveCfg = Release|Any CPU
		{BCFFB741-26F9-4D12-A152-04CF601D373E}.x64|x64.Build.0 = Release|Any CPU
		{BCFFB741-26F9-4D12-A152-04CF601D373E}.x64|x86.ActiveCfg = Release|Any CPU
		{BCFFB741-26F9-4D12-A152-04CF601D373E}.x64|x86.Build.0 = Release|Any CPU
		{BCFFB741-26F9-4D12-A152-04CF601D373E}.x86|Any CPU.ActiveCfg = Release|Any CPU
		{BCFFB741-26F9-4D12-A152-04CF601D373E}.x86|Any CPU.Build.0 = Release|Any CPU
		{BCFFB741-26F9-4D12-A152-04CF601D373E}.x86|x64.ActiveCfg = Release|Any CPU
		{BCFFB741-26F9-4D12-A152-04CF601D373E}.x86|x64.Build.0 = Release|Any CPU
		{BCFFB741-26F9-4D12-A152-04CF601D373E}.x86|x86.ActiveCfg = Release|Any CPU
		{BCFFB741-26F9-4D12-A152-04CF601D373E}.x86|x86.Build.0 = Release|Any CPU
		{3E825958-D919-4941-BDAA-967836C678D1}.Debug|Any CPU.ActiveCfg = Debug|Any CPU
		{3E825958-D919-4941-BDAA-967836C678D1}.Debug|Any CPU.Build.0 = Debug|Any CPU
		{3E825958-D919-4941-BDAA-967836C678D1}.Debug|x64.ActiveCfg = Debug|Any CPU
		{3E825958-D919-4941-BDAA-967836C678D1}.Debug|x64.Build.0 = Debug|Any CPU
		{3E825958-D919-4941-BDAA-967836C678D1}.Debug|x86.ActiveCfg = Debug|Any CPU
		{3E825958-D919-4941-BDAA-967836C678D1}.Debug|x86.Build.0 = Debug|Any CPU
		{3E825958-D919-4941-BDAA-967836C678D1}.Release|Any CPU.ActiveCfg = Release|Any CPU
		{3E825958-D919-4941-BDAA-967836C678D1}.Release|Any CPU.Build.0 = Release|Any CPU
		{3E825958-D919-4941-BDAA-967836C678D1}.Release|x64.ActiveCfg = Release|Any CPU
		{3E825958-D919-4941-BDAA-967836C678D1}.Release|x64.Build.0 = Release|Any CPU
		{3E825958-D919-4941-BDAA-967836C678D1}.Release|x86.ActiveCfg = Release|Any CPU
		{3E825958-D919-4941-BDAA-967836C678D1}.Release|x86.Build.0 = Release|Any CPU
		{3E825958-D919-4941-BDAA-967836C678D1}.x64|Any CPU.ActiveCfg = Release|Any CPU
		{3E825958-D919-4941-BDAA-967836C678D1}.x64|Any CPU.Build.0 = Release|Any CPU
		{3E825958-D919-4941-BDAA-967836C678D1}.x64|x64.ActiveCfg = Release|Any CPU
		{3E825958-D919-4941-BDAA-967836C678D1}.x64|x64.Build.0 = Release|Any CPU
		{3E825958-D919-4941-BDAA-967836C678D1}.x64|x86.ActiveCfg = Release|Any CPU
		{3E825958-D919-4941-BDAA-967836C678D1}.x64|x86.Build.0 = Release|Any CPU
		{3E825958-D919-4941-BDAA-967836C678D1}.x86|Any CPU.ActiveCfg = Release|Any CPU
		{3E825958-D919-4941-BDAA-967836C678D1}.x86|Any CPU.Build.0 = Release|Any CPU
		{3E825958-D919-4941-BDAA-967836C678D1}.x86|x64.ActiveCfg = Release|Any CPU
		{3E825958-D919-4941-BDAA-967836C678D1}.x86|x64.Build.0 = Release|Any CPU
		{3E825958-D919-4941-BDAA-967836C678D1}.x86|x86.ActiveCfg = Release|Any CPU
		{3E825958-D919-4941-BDAA-967836C678D1}.x86|x86.Build.0 = Release|Any CPU
		{5FAA1707-D76B-48A6-A63C-37C510ECEAB5}.Debug|Any CPU.ActiveCfg = Debug|Any CPU
		{5FAA1707-D76B-48A6-A63C-37C510ECEAB5}.Debug|Any CPU.Build.0 = Debug|Any CPU
		{5FAA1707-D76B-48A6-A63C-37C510ECEAB5}.Debug|x64.ActiveCfg = Debug|Any CPU
		{5FAA1707-D76B-48A6-A63C-37C510ECEAB5}.Debug|x64.Build.0 = Debug|Any CPU
		{5FAA1707-D76B-48A6-A63C-37C510ECEAB5}.Debug|x86.ActiveCfg = Debug|Any CPU
		{5FAA1707-D76B-48A6-A63C-37C510ECEAB5}.Debug|x86.Build.0 = Debug|Any CPU
		{5FAA1707-D76B-48A6-A63C-37C510ECEAB5}.Release|Any CPU.ActiveCfg = Release|Any CPU
		{5FAA1707-D76B-48A6-A63C-37C510ECEAB5}.Release|Any CPU.Build.0 = Release|Any CPU
		{5FAA1707-D76B-48A6-A63C-37C510ECEAB5}.Release|x64.ActiveCfg = Release|Any CPU
		{5FAA1707-D76B-48A6-A63C-37C510ECEAB5}.Release|x64.Build.0 = Release|Any CPU
		{5FAA1707-D76B-48A6-A63C-37C510ECEAB5}.Release|x86.ActiveCfg = Release|Any CPU
		{5FAA1707-D76B-48A6-A63C-37C510ECEAB5}.Release|x86.Build.0 = Release|Any CPU
		{5FAA1707-D76B-48A6-A63C-37C510ECEAB5}.x64|Any CPU.ActiveCfg = Release|Any CPU
		{5FAA1707-D76B-48A6-A63C-37C510ECEAB5}.x64|Any CPU.Build.0 = Release|Any CPU
		{5FAA1707-D76B-48A6-A63C-37C510ECEAB5}.x64|x64.ActiveCfg = Release|Any CPU
		{5FAA1707-D76B-48A6-A63C-37C510ECEAB5}.x64|x64.Build.0 = Release|Any CPU
		{5FAA1707-D76B-48A6-A63C-37C510ECEAB5}.x64|x86.ActiveCfg = Release|Any CPU
		{5FAA1707-D76B-48A6-A63C-37C510ECEAB5}.x64|x86.Build.0 = Release|Any CPU
		{5FAA1707-D76B-48A6-A63C-37C510ECEAB5}.x86|Any CPU.ActiveCfg = Release|Any CPU
		{5FAA1707-D76B-48A6-A63C-37C510ECEAB5}.x86|Any CPU.Build.0 = Release|Any CPU
		{5FAA1707-D76B-48A6-A63C-37C510ECEAB5}.x86|x64.ActiveCfg = Release|Any CPU
		{5FAA1707-D76B-48A6-A63C-37C510ECEAB5}.x86|x64.Build.0 = Release|Any CPU
		{5FAA1707-D76B-48A6-A63C-37C510ECEAB5}.x86|x86.ActiveCfg = Release|Any CPU
		{5FAA1707-D76B-48A6-A63C-37C510ECEAB5}.x86|x86.Build.0 = Release|Any CPU
		{1A1071C3-5F84-4E12-A489-8D781310AF46}.Debug|Any CPU.ActiveCfg = Debug|Any CPU
		{1A1071C3-5F84-4E12-A489-8D781310AF46}.Debug|Any CPU.Build.0 = Debug|Any CPU
		{1A1071C3-5F84-4E12-A489-8D781310AF46}.Debug|x64.ActiveCfg = Debug|Any CPU
		{1A1071C3-5F84-4E12-A489-8D781310AF46}.Debug|x64.Build.0 = Debug|Any CPU
		{1A1071C3-5F84-4E12-A489-8D781310AF46}.Debug|x86.ActiveCfg = Debug|Any CPU
		{1A1071C3-5F84-4E12-A489-8D781310AF46}.Debug|x86.Build.0 = Debug|Any CPU
		{1A1071C3-5F84-4E12-A489-8D781310AF46}.Release|Any CPU.ActiveCfg = Release|Any CPU
		{1A1071C3-5F84-4E12-A489-8D781310AF46}.Release|Any CPU.Build.0 = Release|Any CPU
		{1A1071C3-5F84-4E12-A489-8D781310AF46}.Release|x64.ActiveCfg = Release|Any CPU
		{1A1071C3-5F84-4E12-A489-8D781310AF46}.Release|x64.Build.0 = Release|Any CPU
		{1A1071C3-5F84-4E12-A489-8D781310AF46}.Release|x86.ActiveCfg = Release|Any CPU
		{1A1071C3-5F84-4E12-A489-8D781310AF46}.Release|x86.Build.0 = Release|Any CPU
		{1A1071C3-5F84-4E12-A489-8D781310AF46}.x64|Any CPU.ActiveCfg = Release|Any CPU
		{1A1071C3-5F84-4E12-A489-8D781310AF46}.x64|Any CPU.Build.0 = Release|Any CPU
		{1A1071C3-5F84-4E12-A489-8D781310AF46}.x64|x64.ActiveCfg = Release|Any CPU
		{1A1071C3-5F84-4E12-A489-8D781310AF46}.x64|x64.Build.0 = Release|Any CPU
		{1A1071C3-5F84-4E12-A489-8D781310AF46}.x64|x86.ActiveCfg = Release|Any CPU
		{1A1071C3-5F84-4E12-A489-8D781310AF46}.x64|x86.Build.0 = Release|Any CPU
		{1A1071C3-5F84-4E12-A489-8D781310AF46}.x86|Any CPU.ActiveCfg = Release|Any CPU
		{1A1071C3-5F84-4E12-A489-8D781310AF46}.x86|Any CPU.Build.0 = Release|Any CPU
		{1A1071C3-5F84-4E12-A489-8D781310AF46}.x86|x64.ActiveCfg = Release|Any CPU
		{1A1071C3-5F84-4E12-A489-8D781310AF46}.x86|x64.Build.0 = Release|Any CPU
		{1A1071C3-5F84-4E12-A489-8D781310AF46}.x86|x86.ActiveCfg = Release|Any CPU
		{1A1071C3-5F84-4E12-A489-8D781310AF46}.x86|x86.Build.0 = Release|Any CPU
		{F0E9F834-6A52-4C1C-B956-30DEB6FDF11B}.Debug|Any CPU.ActiveCfg = Debug|Any CPU
		{F0E9F834-6A52-4C1C-B956-30DEB6FDF11B}.Debug|Any CPU.Build.0 = Debug|Any CPU
		{F0E9F834-6A52-4C1C-B956-30DEB6FDF11B}.Debug|x64.ActiveCfg = Debug|Any CPU
		{F0E9F834-6A52-4C1C-B956-30DEB6FDF11B}.Debug|x64.Build.0 = Debug|Any CPU
		{F0E9F834-6A52-4C1C-B956-30DEB6FDF11B}.Debug|x86.ActiveCfg = Debug|Any CPU
		{F0E9F834-6A52-4C1C-B956-30DEB6FDF11B}.Debug|x86.Build.0 = Debug|Any CPU
		{F0E9F834-6A52-4C1C-B956-30DEB6FDF11B}.Release|Any CPU.ActiveCfg = Release|Any CPU
		{F0E9F834-6A52-4C1C-B956-30DEB6FDF11B}.Release|Any CPU.Build.0 = Release|Any CPU
		{F0E9F834-6A52-4C1C-B956-30DEB6FDF11B}.Release|x64.ActiveCfg = Release|Any CPU
		{F0E9F834-6A52-4C1C-B956-30DEB6FDF11B}.Release|x64.Build.0 = Release|Any CPU
		{F0E9F834-6A52-4C1C-B956-30DEB6FDF11B}.Release|x86.ActiveCfg = Release|Any CPU
		{F0E9F834-6A52-4C1C-B956-30DEB6FDF11B}.Release|x86.Build.0 = Release|Any CPU
		{F0E9F834-6A52-4C1C-B956-30DEB6FDF11B}.x64|Any CPU.ActiveCfg = Release|Any CPU
		{F0E9F834-6A52-4C1C-B956-30DEB6FDF11B}.x64|Any CPU.Build.0 = Release|Any CPU
		{F0E9F834-6A52-4C1C-B956-30DEB6FDF11B}.x64|x64.ActiveCfg = Release|Any CPU
		{F0E9F834-6A52-4C1C-B956-30DEB6FDF11B}.x64|x64.Build.0 = Release|Any CPU
		{F0E9F834-6A52-4C1C-B956-30DEB6FDF11B}.x64|x86.ActiveCfg = Release|Any CPU
		{F0E9F834-6A52-4C1C-B956-30DEB6FDF11B}.x64|x86.Build.0 = Release|Any CPU
		{F0E9F834-6A52-4C1C-B956-30DEB6FDF11B}.x86|Any CPU.ActiveCfg = Release|Any CPU
		{F0E9F834-6A52-4C1C-B956-30DEB6FDF11B}.x86|Any CPU.Build.0 = Release|Any CPU
		{F0E9F834-6A52-4C1C-B956-30DEB6FDF11B}.x86|x64.ActiveCfg = Release|Any CPU
		{F0E9F834-6A52-4C1C-B956-30DEB6FDF11B}.x86|x64.Build.0 = Release|Any CPU
		{F0E9F834-6A52-4C1C-B956-30DEB6FDF11B}.x86|x86.ActiveCfg = Release|Any CPU
		{F0E9F834-6A52-4C1C-B956-30DEB6FDF11B}.x86|x86.Build.0 = Release|Any CPU
		{C9BFA1CD-30AB-41A6-A6E6-86C526A246D4}.Debug|Any CPU.ActiveCfg = Debug|Any CPU
		{C9BFA1CD-30AB-41A6-A6E6-86C526A246D4}.Debug|Any CPU.Build.0 = Debug|Any CPU
		{C9BFA1CD-30AB-41A6-A6E6-86C526A246D4}.Debug|x64.ActiveCfg = Debug|Any CPU
		{C9BFA1CD-30AB-41A6-A6E6-86C526A246D4}.Debug|x64.Build.0 = Debug|Any CPU
		{C9BFA1CD-30AB-41A6-A6E6-86C526A246D4}.Debug|x86.ActiveCfg = Debug|Any CPU
		{C9BFA1CD-30AB-41A6-A6E6-86C526A246D4}.Debug|x86.Build.0 = Debug|Any CPU
		{C9BFA1CD-30AB-41A6-A6E6-86C526A246D4}.Release|Any CPU.ActiveCfg = Release|Any CPU
		{C9BFA1CD-30AB-41A6-A6E6-86C526A246D4}.Release|Any CPU.Build.0 = Release|Any CPU
		{C9BFA1CD-30AB-41A6-A6E6-86C526A246D4}.Release|x64.ActiveCfg = Release|Any CPU
		{C9BFA1CD-30AB-41A6-A6E6-86C526A246D4}.Release|x64.Build.0 = Release|Any CPU
		{C9BFA1CD-30AB-41A6-A6E6-86C526A246D4}.Release|x86.ActiveCfg = Release|Any CPU
		{C9BFA1CD-30AB-41A6-A6E6-86C526A246D4}.Release|x86.Build.0 = Release|Any CPU
		{C9BFA1CD-30AB-41A6-A6E6-86C526A246D4}.x64|Any CPU.ActiveCfg = Release|Any CPU
		{C9BFA1CD-30AB-41A6-A6E6-86C526A246D4}.x64|Any CPU.Build.0 = Release|Any CPU
		{C9BFA1CD-30AB-41A6-A6E6-86C526A246D4}.x64|x64.ActiveCfg = Release|Any CPU
		{C9BFA1CD-30AB-41A6-A6E6-86C526A246D4}.x64|x64.Build.0 = Release|Any CPU
		{C9BFA1CD-30AB-41A6-A6E6-86C526A246D4}.x64|x86.ActiveCfg = Release|Any CPU
		{C9BFA1CD-30AB-41A6-A6E6-86C526A246D4}.x64|x86.Build.0 = Release|Any CPU
		{C9BFA1CD-30AB-41A6-A6E6-86C526A246D4}.x86|Any CPU.ActiveCfg = Release|Any CPU
		{C9BFA1CD-30AB-41A6-A6E6-86C526A246D4}.x86|Any CPU.Build.0 = Release|Any CPU
		{C9BFA1CD-30AB-41A6-A6E6-86C526A246D4}.x86|x64.ActiveCfg = Release|Any CPU
		{C9BFA1CD-30AB-41A6-A6E6-86C526A246D4}.x86|x64.Build.0 = Release|Any CPU
		{C9BFA1CD-30AB-41A6-A6E6-86C526A246D4}.x86|x86.ActiveCfg = Release|Any CPU
		{C9BFA1CD-30AB-41A6-A6E6-86C526A246D4}.x86|x86.Build.0 = Release|Any CPU
		{D7EB4C59-22EF-4020-9850-CBBF6A015F80}.Debug|Any CPU.ActiveCfg = Debug|Any CPU
		{D7EB4C59-22EF-4020-9850-CBBF6A015F80}.Debug|Any CPU.Build.0 = Debug|Any CPU
		{D7EB4C59-22EF-4020-9850-CBBF6A015F80}.Debug|x64.ActiveCfg = Debug|x64
		{D7EB4C59-22EF-4020-9850-CBBF6A015F80}.Debug|x64.Build.0 = Debug|x64
		{D7EB4C59-22EF-4020-9850-CBBF6A015F80}.Debug|x86.ActiveCfg = Debug|x86
		{D7EB4C59-22EF-4020-9850-CBBF6A015F80}.Debug|x86.Build.0 = Debug|x86
		{D7EB4C59-22EF-4020-9850-CBBF6A015F80}.Release|Any CPU.ActiveCfg = Release|Any CPU
		{D7EB4C59-22EF-4020-9850-CBBF6A015F80}.Release|Any CPU.Build.0 = Release|Any CPU
		{D7EB4C59-22EF-4020-9850-CBBF6A015F80}.Release|x64.ActiveCfg = Release|x64
		{D7EB4C59-22EF-4020-9850-CBBF6A015F80}.Release|x64.Build.0 = Release|x64
		{D7EB4C59-22EF-4020-9850-CBBF6A015F80}.Release|x86.ActiveCfg = Release|x86
		{D7EB4C59-22EF-4020-9850-CBBF6A015F80}.Release|x86.Build.0 = Release|x86
		{D7EB4C59-22EF-4020-9850-CBBF6A015F80}.x64|Any CPU.ActiveCfg = x64|Any CPU
		{D7EB4C59-22EF-4020-9850-CBBF6A015F80}.x64|Any CPU.Build.0 = x64|Any CPU
		{D7EB4C59-22EF-4020-9850-CBBF6A015F80}.x64|x64.ActiveCfg = x64|x64
		{D7EB4C59-22EF-4020-9850-CBBF6A015F80}.x64|x64.Build.0 = x64|x64
		{D7EB4C59-22EF-4020-9850-CBBF6A015F80}.x64|x86.ActiveCfg = x64|x86
		{D7EB4C59-22EF-4020-9850-CBBF6A015F80}.x64|x86.Build.0 = x64|x86
		{D7EB4C59-22EF-4020-9850-CBBF6A015F80}.x86|Any CPU.ActiveCfg = x86|Any CPU
		{D7EB4C59-22EF-4020-9850-CBBF6A015F80}.x86|Any CPU.Build.0 = x86|Any CPU
		{D7EB4C59-22EF-4020-9850-CBBF6A015F80}.x86|x64.ActiveCfg = x86|x64
		{D7EB4C59-22EF-4020-9850-CBBF6A015F80}.x86|x64.Build.0 = x86|x64
		{D7EB4C59-22EF-4020-9850-CBBF6A015F80}.x86|x86.ActiveCfg = x86|x86
		{D7EB4C59-22EF-4020-9850-CBBF6A015F80}.x86|x86.Build.0 = x86|x86
		{C938475F-2E8C-4DFB-8102-6FC0A7101E95}.Debug|Any CPU.ActiveCfg = Debug|Any CPU
		{C938475F-2E8C-4DFB-8102-6FC0A7101E95}.Debug|Any CPU.Build.0 = Debug|Any CPU
		{C938475F-2E8C-4DFB-8102-6FC0A7101E95}.Debug|x64.ActiveCfg = Debug|Any CPU
		{C938475F-2E8C-4DFB-8102-6FC0A7101E95}.Debug|x64.Build.0 = Debug|Any CPU
		{C938475F-2E8C-4DFB-8102-6FC0A7101E95}.Debug|x86.ActiveCfg = Debug|Any CPU
		{C938475F-2E8C-4DFB-8102-6FC0A7101E95}.Debug|x86.Build.0 = Debug|Any CPU
		{C938475F-2E8C-4DFB-8102-6FC0A7101E95}.Release|Any CPU.ActiveCfg = Release|Any CPU
		{C938475F-2E8C-4DFB-8102-6FC0A7101E95}.Release|Any CPU.Build.0 = Release|Any CPU
		{C938475F-2E8C-4DFB-8102-6FC0A7101E95}.Release|x64.ActiveCfg = Release|Any CPU
		{C938475F-2E8C-4DFB-8102-6FC0A7101E95}.Release|x64.Build.0 = Release|Any CPU
		{C938475F-2E8C-4DFB-8102-6FC0A7101E95}.Release|x86.ActiveCfg = Release|Any CPU
		{C938475F-2E8C-4DFB-8102-6FC0A7101E95}.Release|x86.Build.0 = Release|Any CPU
		{C938475F-2E8C-4DFB-8102-6FC0A7101E95}.x64|Any CPU.ActiveCfg = Release|Any CPU
		{C938475F-2E8C-4DFB-8102-6FC0A7101E95}.x64|Any CPU.Build.0 = Release|Any CPU
		{C938475F-2E8C-4DFB-8102-6FC0A7101E95}.x64|x64.ActiveCfg = Release|Any CPU
		{C938475F-2E8C-4DFB-8102-6FC0A7101E95}.x64|x64.Build.0 = Release|Any CPU
		{C938475F-2E8C-4DFB-8102-6FC0A7101E95}.x64|x86.ActiveCfg = Release|Any CPU
		{C938475F-2E8C-4DFB-8102-6FC0A7101E95}.x64|x86.Build.0 = Release|Any CPU
		{C938475F-2E8C-4DFB-8102-6FC0A7101E95}.x86|Any CPU.ActiveCfg = Release|Any CPU
		{C938475F-2E8C-4DFB-8102-6FC0A7101E95}.x86|Any CPU.Build.0 = Release|Any CPU
		{C938475F-2E8C-4DFB-8102-6FC0A7101E95}.x86|x64.ActiveCfg = Release|Any CPU
		{C938475F-2E8C-4DFB-8102-6FC0A7101E95}.x86|x64.Build.0 = Release|Any CPU
		{C938475F-2E8C-4DFB-8102-6FC0A7101E95}.x86|x86.ActiveCfg = Release|Any CPU
		{C938475F-2E8C-4DFB-8102-6FC0A7101E95}.x86|x86.Build.0 = Release|Any CPU
		{E84A27A1-7B97-4AC5-B4EE-54AC134FAB80}.Debug|Any CPU.ActiveCfg = Debug|Any CPU
		{E84A27A1-7B97-4AC5-B4EE-54AC134FAB80}.Debug|Any CPU.Build.0 = Debug|Any CPU
		{E84A27A1-7B97-4AC5-B4EE-54AC134FAB80}.Debug|x64.ActiveCfg = Debug|Any CPU
		{E84A27A1-7B97-4AC5-B4EE-54AC134FAB80}.Debug|x64.Build.0 = Debug|Any CPU
		{E84A27A1-7B97-4AC5-B4EE-54AC134FAB80}.Debug|x86.ActiveCfg = Debug|Any CPU
		{E84A27A1-7B97-4AC5-B4EE-54AC134FAB80}.Debug|x86.Build.0 = Debug|Any CPU
		{E84A27A1-7B97-4AC5-B4EE-54AC134FAB80}.Release|Any CPU.ActiveCfg = Release|Any CPU
		{E84A27A1-7B97-4AC5-B4EE-54AC134FAB80}.Release|Any CPU.Build.0 = Release|Any CPU
		{E84A27A1-7B97-4AC5-B4EE-54AC134FAB80}.Release|x64.ActiveCfg = Release|Any CPU
		{E84A27A1-7B97-4AC5-B4EE-54AC134FAB80}.Release|x64.Build.0 = Release|Any CPU
		{E84A27A1-7B97-4AC5-B4EE-54AC134FAB80}.Release|x86.ActiveCfg = Release|Any CPU
		{E84A27A1-7B97-4AC5-B4EE-54AC134FAB80}.Release|x86.Build.0 = Release|Any CPU
		{E84A27A1-7B97-4AC5-B4EE-54AC134FAB80}.x64|Any CPU.ActiveCfg = Debug|Any CPU
		{E84A27A1-7B97-4AC5-B4EE-54AC134FAB80}.x64|Any CPU.Build.0 = Debug|Any CPU
		{E84A27A1-7B97-4AC5-B4EE-54AC134FAB80}.x64|x64.ActiveCfg = Debug|Any CPU
		{E84A27A1-7B97-4AC5-B4EE-54AC134FAB80}.x64|x64.Build.0 = Debug|Any CPU
		{E84A27A1-7B97-4AC5-B4EE-54AC134FAB80}.x64|x86.ActiveCfg = Debug|Any CPU
		{E84A27A1-7B97-4AC5-B4EE-54AC134FAB80}.x64|x86.Build.0 = Debug|Any CPU
		{E84A27A1-7B97-4AC5-B4EE-54AC134FAB80}.x86|Any CPU.ActiveCfg = Debug|Any CPU
		{E84A27A1-7B97-4AC5-B4EE-54AC134FAB80}.x86|Any CPU.Build.0 = Debug|Any CPU
		{E84A27A1-7B97-4AC5-B4EE-54AC134FAB80}.x86|x64.ActiveCfg = Debug|Any CPU
		{E84A27A1-7B97-4AC5-B4EE-54AC134FAB80}.x86|x64.Build.0 = Debug|Any CPU
		{E84A27A1-7B97-4AC5-B4EE-54AC134FAB80}.x86|x86.ActiveCfg = Debug|Any CPU
		{E84A27A1-7B97-4AC5-B4EE-54AC134FAB80}.x86|x86.Build.0 = Debug|Any CPU
	EndGlobalSection
	GlobalSection(SolutionProperties) = preSolution
		HideSolutionNode = FALSE
	EndGlobalSection
	GlobalSection(NestedProjects) = preSolution
		{3243A211-CF4F-4296-BD68-2D4DD5406542} = {2DCEBBB5-D209-4F60-B1E6-74F6BA1FD913}
		{44FAA6C1-D134-4905-A32A-B1CD0E544E77} = {2DCEBBB5-D209-4F60-B1E6-74F6BA1FD913}
		{DFDEC1CA-5A5C-4FC6-8C7B-11C777C396DC} = {FE35C142-4CD6-4249-A34A-BAACDE54B444}
		{EFF4A343-5729-4705-BCC5-F4531C54A672} = {FE35C142-4CD6-4249-A34A-BAACDE54B444}
		{58CF9D9E-9B6D-4F70-8512-1CE2E5302298} = {FE35C142-4CD6-4249-A34A-BAACDE54B444}
		{656DC886-8AC7-4AED-896A-E9E105EF5BD7} = {92D6D3BD-CD00-4934-AD70-2FBD4097DCF0}
		{BCFFB741-26F9-4D12-A152-04CF601D373E} = {FE35C142-4CD6-4249-A34A-BAACDE54B444}
		{3E825958-D919-4941-BDAA-967836C678D1} = {FE35C142-4CD6-4249-A34A-BAACDE54B444}
		{5FAA1707-D76B-48A6-A63C-37C510ECEAB5} = {C4BFF334-1936-49C5-BD50-4616B47F3119}
		{1A1071C3-5F84-4E12-A489-8D781310AF46} = {C4BFF334-1936-49C5-BD50-4616B47F3119}
		{F0E9F834-6A52-4C1C-B956-30DEB6FDF11B} = {FE35C142-4CD6-4249-A34A-BAACDE54B444}
		{C9BFA1CD-30AB-41A6-A6E6-86C526A246D4} = {FE35C142-4CD6-4249-A34A-BAACDE54B444}
		{D7EB4C59-22EF-4020-9850-CBBF6A015F80} = {DF74B813-8B79-47F1-BF3A-F4A020F2033F}
		{C938475F-2E8C-4DFB-8102-6FC0A7101E95} = {DF74B813-8B79-47F1-BF3A-F4A020F2033F}
		{E84A27A1-7B97-4AC5-B4EE-54AC134FAB80} = {FE35C142-4CD6-4249-A34A-BAACDE54B444}
	EndGlobalSection
	GlobalSection(ExtensibilityGlobals) = postSolution
		SolutionGuid = {4975AD4B-1EDB-4156-84B5-3335487BF604}
	EndGlobalSection
EndGlobal
